[[package]]
name = "ruff"
version = "0.13.3"
description = "An extremely fast Python linter and code formatter, written in Rust."
category = "dev"
optional = false
python-versions = ">=3.7"

[metadata]
lock-version = "1.1"
python-versions = "^3.10"
content-hash = "aae32c7560356fdf88069d2056ba3587322887d85403ec0007876aeb46db97cc"

[metadata.files]
ruff = []
